
Microsoft Visual Studio Solution File, Format Version 12.00
# Visual Studio 15
Project("{FAE04EC0-301F-11D3-BF4B-00C04F79EFBC}") = "HW1", "HW1.csproj", "{C760EC4E-67A6-4944-94E2-EB57142E0FE3}"
EndProject
Global
	GlobalSection(SolutionConfigurationPlatforms) = preSolution
		Debug|Any CPU = Debug|Any CPU
		Release|Any CPU = Release|Any CPU
	EndGlobalSection
	GlobalSection(ProjectConfigurationPlatforms) = postSolution
		{C760EC4E-67A6-4944-94E2-EB57142E0FE3}.Debug|Any CPU.ActiveCfg = Debug|Any CPU
		{C760EC4E-67A6-4944-94E2-EB57142E0FE3}.Debug|Any CPU.Build.0 = Debug|Any CPU
		{C760EC4E-67A6-4944-94E2-EB57142E0FE3}.Release|Any CPU.ActiveCfg = Release|Any CPU
		{C760EC4E-67A6-4944-94E2-EB57142E0FE3}.Release|Any CPU.Build.0 = Release|Any CPU
	EndGlobalSection
EndGlobal
